
Microsoft Visual Studio Solution File, Format Version 12.00
# Visual Studio Version 17
VisualStudioVersion = 17.1.31911.260
MinimumVisualStudioVersion = 10.0.40219.1
Project("{2150E333-8FDC-42A3-9474-1A3956D46DE8}") = "Externals", "Externals", "{165ED241-924C-4CDD-8305-63B7611EA865}"
EndProject
Project("{9A19103F-16F7-4668-BE54-9A1E7A4F7556}") = "Sanchez.Match", "..\match\Sanchez.Match\Sanchez.Match.csproj", "{C9CC67C4-09F5-424A-A38A-0C521B1158E9}"
EndProject
Project("{2150E333-8FDC-42A3-9474-1A3956D46DE8}") = "Framework", "Framework", "{935540C0-3380-45AF-ABD7-5CD94BFC43D2}"
EndProject
Project("{2150E333-8FDC-42A3-9474-1A3956D46DE8}") = "Answers", "Answers", "{4EA52EE8-F205-4238-9BD0-D6EE8E5DF331}"
EndProject
Project("{FAE04EC0-301F-11D3-BF4B-00C04F79EFBC}") = "Sanchez.AOC.Answers", "Sanchez.AOC.Answers\Sanchez.AOC.Answers.csproj", "{7BF8B64F-EA7B-45BB-8AB7-ED6A2005E8C2}"
EndProject
Project("{FAE04EC0-301F-11D3-BF4B-00C04F79EFBC}") = "Sanchez.AOC", "Sanchez.AOC\Sanchez.AOC.csproj", "{55EF701B-FB0B-47C3-9E7E-E6F3DA77C61B}"
EndProject
Global
	GlobalSection(SolutionConfigurationPlatforms) = preSolution
		Debug|Any CPU = Debug|Any CPU
		Release|Any CPU = Release|Any CPU
	EndGlobalSection
	GlobalSection(ProjectConfigurationPlatforms) = postSolution
		{C9CC67C4-09F5-424A-A38A-0C521B1158E9}.Debug|Any CPU.ActiveCfg = Debug|Any CPU
		{C9CC67C4-09F5-424A-A38A-0C521B1158E9}.Debug|Any CPU.Build.0 = Debug|Any CPU
		{C9CC67C4-09F5-424A-A38A-0C521B1158E9}.Release|Any CPU.ActiveCfg = Release|Any CPU
		{C9CC67C4-09F5-424A-A38A-0C521B1158E9}.Release|Any CPU.Build.0 = Release|Any CPU
		{7BF8B64F-EA7B-45BB-8AB7-ED6A2005E8C2}.Debug|Any CPU.ActiveCfg = Debug|Any CPU
		{7BF8B64F-EA7B-45BB-8AB7-ED6A2005E8C2}.Debug|Any CPU.Build.0 = Debug|Any CPU
		{7BF8B64F-EA7B-45BB-8AB7-ED6A2005E8C2}.Release|Any CPU.ActiveCfg = Release|Any CPU
		{7BF8B64F-EA7B-45BB-8AB7-ED6A2005E8C2}.Release|Any CPU.Build.0 = Release|Any CPU
		{55EF701B-FB0B-47C3-9E7E-E6F3DA77C61B}.Debug|Any CPU.ActiveCfg = Debug|Any CPU
		{55EF701B-FB0B-47C3-9E7E-E6F3DA77C61B}.Debug|Any CPU.Build.0 = Debug|Any CPU
		{55EF701B-FB0B-47C3-9E7E-E6F3DA77C61B}.Release|Any CPU.ActiveCfg = Release|Any CPU
		{55EF701B-FB0B-47C3-9E7E-E6F3DA77C61B}.Release|Any CPU.Build.0 = Release|Any CPU
	EndGlobalSection
	GlobalSection(SolutionProperties) = preSolution
		HideSolutionNode = FALSE
	EndGlobalSection
	GlobalSection(NestedProjects) = preSolution
		{C9CC67C4-09F5-424A-A38A-0C521B1158E9} = {165ED241-924C-4CDD-8305-63B7611EA865}
		{7BF8B64F-EA7B-45BB-8AB7-ED6A2005E8C2} = {4EA52EE8-F205-4238-9BD0-D6EE8E5DF331}
		{55EF701B-FB0B-47C3-9E7E-E6F3DA77C61B} = {935540C0-3380-45AF-ABD7-5CD94BFC43D2}
	EndGlobalSection
	GlobalSection(ExtensibilityGlobals) = postSolution
		SolutionGuid = {D65C19B8-44D8-448F-A9DC-27C39CA69CB3}
	EndGlobalSection
EndGlobal
